
Microsoft Visual Studio Solution File, Format Version 12.00
# Visual Studio 2012
Project("{FAE04EC0-301F-11D3-BF4B-00C04F79EFBC}") = "MEM", "MEM\MEM.csproj", "{C691A602-91BE-4EFB-B5D6-4FC5F49512FA}"
EndProject
Project("{FAE04EC0-301F-11D3-BF4B-00C04F79EFBC}") = "MEM.BAL", "MEM.BAL\MEM.BAL.csproj", "{510F26A8-A5CD-49EF-BAB8-489CE300635C}"
EndProject
Project("{FAE04EC0-301F-11D3-BF4B-00C04F79EFBC}") = "MEM.DAL", "MEM.DAL\MEM.DAL.csproj", "{A2814A7B-68A0-4943-917E-542815DEDD40}"
EndProject
Global
	GlobalSection(SolutionConfigurationPlatforms) = preSolution
		Debug|Any CPU = Debug|Any CPU
		Release|Any CPU = Release|Any CPU
	EndGlobalSection
	GlobalSection(ProjectConfigurationPlatforms) = postSolution
		{C691A602-91BE-4EFB-B5D6-4FC5F49512FA}.Debug|Any CPU.ActiveCfg = Debug|Any CPU
		{C691A602-91BE-4EFB-B5D6-4FC5F49512FA}.Debug|Any CPU.Build.0 = Debug|Any CPU
		{C691A602-91BE-4EFB-B5D6-4FC5F49512FA}.Release|Any CPU.ActiveCfg = Release|Any CPU
		{C691A602-91BE-4EFB-B5D6-4FC5F49512FA}.Release|Any CPU.Build.0 = Release|Any CPU
		{510F26A8-A5CD-49EF-BAB8-489CE300635C}.Debug|Any CPU.ActiveCfg = Debug|Any CPU
		{510F26A8-A5CD-49EF-BAB8-489CE300635C}.Debug|Any CPU.Build.0 = Debug|Any CPU
		{510F26A8-A5CD-49EF-BAB8-489CE300635C}.Release|Any CPU.ActiveCfg = Release|Any CPU
		{510F26A8-A5CD-49EF-BAB8-489CE300635C}.Release|Any CPU.Build.0 = Release|Any CPU
		{A2814A7B-68A0-4943-917E-542815DEDD40}.Debug|Any CPU.ActiveCfg = Debug|Any CPU
		{A2814A7B-68A0-4943-917E-542815DEDD40}.Debug|Any CPU.Build.0 = Debug|Any CPU
		{A2814A7B-68A0-4943-917E-542815DEDD40}.Release|Any CPU.ActiveCfg = Release|Any CPU
		{A2814A7B-68A0-4943-917E-542815DEDD40}.Release|Any CPU.Build.0 = Release|Any CPU
	EndGlobalSection
	GlobalSection(SolutionProperties) = preSolution
		HideSolutionNode = FALSE
	EndGlobalSection
EndGlobal
